
Microsoft Visual Studio Solution File, Format Version 12.00
# Visual Studio Version 16
VisualStudioVersion = 16.0.29123.88
MinimumVisualStudioVersion = 10.0.40219.1
Project("{FAE04EC0-301F-11D3-BF4B-00C04F79EFBC}") = "LesApp0", "LesApp0\LesApp0.csproj", "{7243A991-EC55-4AEA-9FBB-F963A8EB4705}"
EndProject
Project("{FAE04EC0-301F-11D3-BF4B-00C04F79EFBC}") = "LesApp1", "LesApp1\LesApp1.csproj", "{2B060389-6AB4-439D-9F5F-B0EF6679C10C}"
EndProject
Project("{FAE04EC0-301F-11D3-BF4B-00C04F79EFBC}") = "LesApp2", "LesApp2\LesApp2.csproj", "{97804528-1C06-4922-85F8-06F0450AD73A}"
EndProject
Project("{FAE04EC0-301F-11D3-BF4B-00C04F79EFBC}") = "LesApp3", "LesApp3\LesApp3.csproj", "{2FC154EF-CFA9-4153-A8A5-29465C62595A}"
EndProject
Global
	GlobalSection(SolutionConfigurationPlatforms) = preSolution
		Debug|Any CPU = Debug|Any CPU
		Release|Any CPU = Release|Any CPU
	EndGlobalSection
	GlobalSection(ProjectConfigurationPlatforms) = postSolution
		{7243A991-EC55-4AEA-9FBB-F963A8EB4705}.Debug|Any CPU.ActiveCfg = Debug|Any CPU
		{7243A991-EC55-4AEA-9FBB-F963A8EB4705}.Debug|Any CPU.Build.0 = Debug|Any CPU
		{7243A991-EC55-4AEA-9FBB-F963A8EB4705}.Release|Any CPU.ActiveCfg = Release|Any CPU
		{7243A991-EC55-4AEA-9FBB-F963A8EB4705}.Release|Any CPU.Build.0 = Release|Any CPU
		{2B060389-6AB4-439D-9F5F-B0EF6679C10C}.Debug|Any CPU.ActiveCfg = Debug|Any CPU
		{2B060389-6AB4-439D-9F5F-B0EF6679C10C}.Debug|Any CPU.Build.0 = Debug|Any CPU
		{2B060389-6AB4-439D-9F5F-B0EF6679C10C}.Release|Any CPU.ActiveCfg = Release|Any CPU
		{2B060389-6AB4-439D-9F5F-B0EF6679C10C}.Release|Any CPU.Build.0 = Release|Any CPU
		{97804528-1C06-4922-85F8-06F0450AD73A}.Debug|Any CPU.ActiveCfg = Debug|Any CPU
		{97804528-1C06-4922-85F8-06F0450AD73A}.Debug|Any CPU.Build.0 = Debug|Any CPU
		{97804528-1C06-4922-85F8-06F0450AD73A}.Release|Any CPU.ActiveCfg = Release|Any CPU
		{97804528-1C06-4922-85F8-06F0450AD73A}.Release|Any CPU.Build.0 = Release|Any CPU
		{2FC154EF-CFA9-4153-A8A5-29465C62595A}.Debug|Any CPU.ActiveCfg = Debug|Any CPU
		{2FC154EF-CFA9-4153-A8A5-29465C62595A}.Debug|Any CPU.Build.0 = Debug|Any CPU
		{2FC154EF-CFA9-4153-A8A5-29465C62595A}.Release|Any CPU.ActiveCfg = Release|Any CPU
		{2FC154EF-CFA9-4153-A8A5-29465C62595A}.Release|Any CPU.Build.0 = Release|Any CPU
	EndGlobalSection
	GlobalSection(SolutionProperties) = preSolution
		HideSolutionNode = FALSE
	EndGlobalSection
	GlobalSection(ExtensibilityGlobals) = postSolution
		SolutionGuid = {AA6CB0C5-9B4E-4296-8C82-0BB959C8C334}
	EndGlobalSection
EndGlobal
